// !$*UTF8*$!
{
	archiveVersion = 1;
	classes = {
	};
	objectVersion = 50;
	objects = {

/* Begin PBXBuildFile section */
		88F0B44621AFE34100D142BF /* AppDelegate.swift in Sources */ = {isa = PBXBuildFile; fileRef = 88F0B44521AFE34100D142BF /* AppDelegate.swift */; };
		88F0B44B21AFE34100D142BF /* Main.storyboard in Resources */ = {isa = PBXBuildFile; fileRef = 88F0B44921AFE34100D142BF /* Main.storyboard */; };
		88F0B44D21AFE34300D142BF /* Assets.xcassets in Resources */ = {isa = PBXBuildFile; fileRef = 88F0B44C21AFE34300D142BF /* Assets.xcassets */; };
		88F0B45021AFE34300D142BF /* LaunchScreen.storyboard in Resources */ = {isa = PBXBuildFile; fileRef = 88F0B44E21AFE34300D142BF /* LaunchScreen.storyboard */; };
		88F0B46621AFE34300D142BF /* CurrencyUITests.swift in Sources */ = {isa = PBXBuildFile; fileRef = 88F0B46521AFE34300D142BF /* CurrencyUITests.swift */; };
		88F0B47421B0045500D142BF /* testdata.json in Resources */ = {isa = PBXBuildFile; fileRef = 88F0B47321B0045500D142BF /* testdata.json */; };
		88F0B47621B004ED00D142BF /* TestData.swift in Sources */ = {isa = PBXBuildFile; fileRef = 88F0B47521B004ED00D142BF /* TestData.swift */; };
		88F0B47721B0058100D142BF /* testdata.json in Resources */ = {isa = PBXBuildFile; fileRef = 88F0B47321B0045500D142BF /* testdata.json */; };
		88F0B47B21B00A6A00D142BF /* CurrencyViewModel.swift in Sources */ = {isa = PBXBuildFile; fileRef = 88F0B47A21B00A6A00D142BF /* CurrencyViewModel.swift */; };
		88F0B48221B00BBD00D142BF /* CurrencyViewController.swift in Sources */ = {isa = PBXBuildFile; fileRef = 88F0B48121B00BBD00D142BF /* CurrencyViewController.swift */; };
		88F0B48421B04EDD00D142BF /* Currency.swift in Sources */ = {isa = PBXBuildFile; fileRef = 88F0B48321B04EDD00D142BF /* Currency.swift */; };
		88F0B48821B088CD00D142BF /* CurrencyService.swift in Sources */ = {isa = PBXBuildFile; fileRef = 88F0B48721B088CD00D142BF /* CurrencyService.swift */; };
		88F0B48A21B08A3200D142BF /* CurrencyServiceTests.swift in Sources */ = {isa = PBXBuildFile; fileRef = 88F0B48921B08A3200D142BF /* CurrencyServiceTests.swift */; };
		88F0B48C21B08A5500D142BF /* CurrencyViewModelTests.swift in Sources */ = {isa = PBXBuildFile; fileRef = 88F0B48B21B08A5500D142BF /* CurrencyViewModelTests.swift */; };
		88F0B48E21B08EC700D142BF /* MockSession.swift in Sources */ = {isa = PBXBuildFile; fileRef = 88F0B48D21B08EC700D142BF /* MockSession.swift */; };
		88F0B49021B09F6B00D142BF /* Global.swift in Sources */ = {isa = PBXBuildFile; fileRef = 88F0B48F21B09F6B00D142BF /* Global.swift */; };
/* End PBXBuildFile section */

/* Begin PBXContainerItemProxy section */
		88F0B45721AFE34300D142BF /* PBXContainerItemProxy */ = {
			isa = PBXContainerItemProxy;
			containerPortal = 88F0B43A21AFE34100D142BF /* Project object */;
			proxyType = 1;
			remoteGlobalIDString = 88F0B44121AFE34100D142BF;
			remoteInfo = Currency;
		};
		88F0B46221AFE34300D142BF /* PBXContainerItemProxy */ = {
			isa = PBXContainerItemProxy;
			containerPortal = 88F0B43A21AFE34100D142BF /* Project object */;
			proxyType = 1;
			remoteGlobalIDString = 88F0B44121AFE34100D142BF;
			remoteInfo = Currency;
		};
/* End PBXContainerItemProxy section */

/* Begin PBXFileReference section */
		88F0B44221AFE34100D142BF /* Currency.app */ = {isa = PBXFileReference; explicitFileType = wrapper.application; includeInIndex = 0; path = Currency.app; sourceTree = BUILT_PRODUCTS_DIR; };
		88F0B44521AFE34100D142BF /* AppDelegate.swift */ = {isa = PBXFileReference; lastKnownFileType = sourcecode.swift; path = AppDelegate.swift; sourceTree = "<group>"; };
		88F0B44A21AFE34100D142BF /* Base */ = {isa = PBXFileReference; lastKnownFileType = file.storyboard; name = Base; path = Base.lproj/Main.storyboard; sourceTree = "<group>"; };
		88F0B44C21AFE34300D142BF /* Assets.xcassets */ = {isa = PBXFileReference; lastKnownFileType = folder.assetcatalog; path = Assets.xcassets; sourceTree = "<group>"; };
		88F0B44F21AFE34300D142BF /* Base */ = {isa = PBXFileReference; lastKnownFileType = file.storyboard; name = Base; path = Base.lproj/LaunchScreen.storyboard; sourceTree = "<group>"; };
		88F0B45121AFE34300D142BF /* Info.plist */ = {isa = PBXFileReference; lastKnownFileType = text.plist.xml; path = Info.plist; sourceTree = "<group>"; };
		88F0B45621AFE34300D142BF /* CurrencyTests.xctest */ = {isa = PBXFileReference; explicitFileType = wrapper.cfbundle; includeInIndex = 0; path = CurrencyTests.xctest; sourceTree = BUILT_PRODUCTS_DIR; };
		88F0B45C21AFE34300D142BF /* Info.plist */ = {isa = PBXFileReference; lastKnownFileType = text.plist.xml; path = Info.plist; sourceTree = "<group>"; };
		88F0B46121AFE34300D142BF /* CurrencyUITests.xctest */ = {isa = PBXFileReference; explicitFileType = wrapper.cfbundle; includeInIndex = 0; path = CurrencyUITests.xctest; sourceTree = BUILT_PRODUCTS_DIR; };
		88F0B46521AFE34300D142BF /* CurrencyUITests.swift */ = {isa = PBXFileReference; lastKnownFileType = sourcecode.swift; path = CurrencyUITests.swift; sourceTree = "<group>"; };
		88F0B46721AFE34300D142BF /* Info.plist */ = {isa = PBXFileReference; lastKnownFileType = text.plist.xml; path = Info.plist; sourceTree = "<group>"; };
		88F0B47321B0045500D142BF /* testdata.json */ = {isa = PBXFileReference; fileEncoding = 4; lastKnownFileType = text.json; path = testdata.json; sourceTree = "<group>"; };
		88F0B47521B004ED00D142BF /* TestData.swift */ = {isa = PBXFileReference; lastKnownFileType = sourcecode.swift; path = TestData.swift; sourceTree = "<group>"; };
		88F0B47A21B00A6A00D142BF /* CurrencyViewModel.swift */ = {isa = PBXFileReference; lastKnownFileType = sourcecode.swift; path = CurrencyViewModel.swift; sourceTree = "<group>"; };
		88F0B48121B00BBD00D142BF /* CurrencyViewController.swift */ = {isa = PBXFileReference; lastKnownFileType = sourcecode.swift; path = CurrencyViewController.swift; sourceTree = "<group>"; };
		88F0B48321B04EDD00D142BF /* Currency.swift */ = {isa = PBXFileReference; lastKnownFileType = sourcecode.swift; path = Currency.swift; sourceTree = "<group>"; };
		88F0B48721B088CD00D142BF /* CurrencyService.swift */ = {isa = PBXFileReference; lastKnownFileType = sourcecode.swift; path = CurrencyService.swift; sourceTree = "<group>"; };
		88F0B48921B08A3200D142BF /* CurrencyServiceTests.swift */ = {isa = PBXFileReference; lastKnownFileType = sourcecode.swift; path = CurrencyServiceTests.swift; sourceTree = "<group>"; };
		88F0B48B21B08A5500D142BF /* CurrencyViewModelTests.swift */ = {isa = PBXFileReference; lastKnownFileType = sourcecode.swift; path = CurrencyViewModelTests.swift; sourceTree = "<group>"; };
		88F0B48D21B08EC700D142BF /* MockSession.swift */ = {isa = PBXFileReference; lastKnownFileType = sourcecode.swift; path = MockSession.swift; sourceTree = "<group>"; };
		88F0B48F21B09F6B00D142BF /* Global.swift */ = {isa = PBXFileReference; lastKnownFileType = sourcecode.swift; path = Global.swift; sourceTree = "<group>"; };
/* End PBXFileReference section */

/* Begin PBXFrameworksBuildPhase section */
		88F0B43F21AFE34100D142BF /* Frameworks */ = {
			isa = PBXFrameworksBuildPhase;
			buildActionMask = 2147483647;
			files = (
			);
			runOnlyForDeploymentPostprocessing = 0;
		};
		88F0B45321AFE34300D142BF /* Frameworks */ = {
			isa = PBXFrameworksBuildPhase;
			buildActionMask = 2147483647;
			files = (
			);
			runOnlyForDeploymentPostprocessing = 0;
		};
		88F0B45E21AFE34300D142BF /* Frameworks */ = {
			isa = PBXFrameworksBuildPhase;
			buildActionMask = 2147483647;
			files = (
			);
			runOnlyForDeploymentPostprocessing = 0;
		};
/* End PBXFrameworksBuildPhase section */

/* Begin PBXGroup section */
		88F0B43921AFE34100D142BF = {
			isa = PBXGroup;
			children = (
				88F0B44421AFE34100D142BF /* Currency */,
				88F0B45921AFE34300D142BF /* CurrencyTests */,
				88F0B46421AFE34300D142BF /* CurrencyUITests */,
				88F0B44321AFE34100D142BF /* Products */,
			);
			sourceTree = "<group>";
		};
		88F0B44321AFE34100D142BF /* Products */ = {
			isa = PBXGroup;
			children = (
				88F0B44221AFE34100D142BF /* Currency.app */,
				88F0B45621AFE34300D142BF /* CurrencyTests.xctest */,
				88F0B46121AFE34300D142BF /* CurrencyUITests.xctest */,
			);
			name = Products;
			sourceTree = "<group>";
		};
		88F0B44421AFE34100D142BF /* Currency */ = {
			isa = PBXGroup;
			children = (
				88F0B44521AFE34100D142BF /* AppDelegate.swift */,
				88F0B48F21B09F6B00D142BF /* Global.swift */,
				88F0B47E21B00A8500D142BF /* UI */,
				88F0B47D21B00A7D00D142BF /* Service */,
				88F0B47C21B00A7100D142BF /* Model */,
				88F0B44C21AFE34300D142BF /* Assets.xcassets */,
				88F0B44E21AFE34300D142BF /* LaunchScreen.storyboard */,
				88F0B45121AFE34300D142BF /* Info.plist */,
			);
			path = Currency;
			sourceTree = "<group>";
		};
		88F0B45921AFE34300D142BF /* CurrencyTests */ = {
			isa = PBXGroup;
			children = (
				88F0B48921B08A3200D142BF /* CurrencyServiceTests.swift */,
				88F0B48B21B08A5500D142BF /* CurrencyViewModelTests.swift */,
				88F0B47521B004ED00D142BF /* TestData.swift */,
				88F0B47321B0045500D142BF /* testdata.json */,
				88F0B45C21AFE34300D142BF /* Info.plist */,
				88F0B48D21B08EC700D142BF /* MockSession.swift */,
			);
			path = CurrencyTests;
			sourceTree = "<group>";
		};
		88F0B46421AFE34300D142BF /* CurrencyUITests */ = {
			isa = PBXGroup;
			children = (
				88F0B46521AFE34300D142BF /* CurrencyUITests.swift */,
				88F0B46721AFE34300D142BF /* Info.plist */,
			);
			path = CurrencyUITests;
			sourceTree = "<group>";
		};
		88F0B47C21B00A7100D142BF /* Model */ = {
			isa = PBXGroup;
			children = (
				88F0B48321B04EDD00D142BF /* Currency.swift */,
			);
			path = Model;
			sourceTree = "<group>";
		};
		88F0B47D21B00A7D00D142BF /* Service */ = {
			isa = PBXGroup;
			children = (
				88F0B48721B088CD00D142BF /* CurrencyService.swift */,
			);
			path = Service;
			sourceTree = "<group>";
		};
		88F0B47E21B00A8500D142BF /* UI */ = {
			isa = PBXGroup;
			children = (
				88F0B44921AFE34100D142BF /* Main.storyboard */,
				88F0B47A21B00A6A00D142BF /* CurrencyViewModel.swift */,
				88F0B48121B00BBD00D142BF /* CurrencyViewController.swift */,
			);
			path = UI;
			sourceTree = "<group>";
		};
/* End PBXGroup section */

/* Begin PBXNativeTarget section */
		88F0B44121AFE34100D142BF /* Currency */ = {
			isa = PBXNativeTarget;
			buildConfigurationList = 88F0B46A21AFE34300D142BF /* Build configuration list for PBXNativeTarget "Currency" */;
			buildPhases = (
				88F0B43E21AFE34100D142BF /* Sources */,
				88F0B43F21AFE34100D142BF /* Frameworks */,
				88F0B44021AFE34100D142BF /* Resources */,
			);
			buildRules = (
			);
			dependencies = (
			);
			name = Currency;
			productName = Currency;
			productReference = 88F0B44221AFE34100D142BF /* Currency.app */;
			productType = "com.apple.product-type.application";
		};
		88F0B45521AFE34300D142BF /* CurrencyTests */ = {
			isa = PBXNativeTarget;
			buildConfigurationList = 88F0B46D21AFE34300D142BF /* Build configuration list for PBXNativeTarget "CurrencyTests" */;
			buildPhases = (
				88F0B45221AFE34300D142BF /* Sources */,
				88F0B45321AFE34300D142BF /* Frameworks */,
				88F0B45421AFE34300D142BF /* Resources */,
			);
			buildRules = (
			);
			dependencies = (
				88F0B45821AFE34300D142BF /* PBXTargetDependency */,
			);
			name = CurrencyTests;
			productName = CurrencyTests;
			productReference = 88F0B45621AFE34300D142BF /* CurrencyTests.xctest */;
			productType = "com.apple.product-type.bundle.unit-test";
		};
		88F0B46021AFE34300D142BF /* CurrencyUITests */ = {
			isa = PBXNativeTarget;
			buildConfigurationList = 88F0B47021AFE34300D142BF /* Build configuration list for PBXNativeTarget "CurrencyUITests" */;
			buildPhases = (
				88F0B45D21AFE34300D142BF /* Sources */,
				88F0B45E21AFE34300D142BF /* Frameworks */,
				88F0B45F21AFE34300D142BF /* Resources */,
			);
			buildRules = (
			);
			dependencies = (
				88F0B46321AFE34300D142BF /* PBXTargetDependency */,
			);
			name = CurrencyUITests;
			productName = CurrencyUITests;
			productReference = 88F0B46121AFE34300D142BF /* CurrencyUITests.xctest */;
			productType = "com.apple.product-type.bundle.ui-testing";
		};
/* End PBXNativeTarget section */

/* Begin PBXProject section */
		88F0B43A21AFE34100D142BF /* Project object */ = {
			isa = PBXProject;
			attributes = {
				LastSwiftUpdateCheck = 1000;
				LastUpgradeCheck = 1000;
				ORGANIZATIONNAME = "Samson Lopez";
				TargetAttributes = {
					88F0B44121AFE34100D142BF = {
						CreatedOnToolsVersion = 10.0;
					};
					88F0B45521AFE34300D142BF = {
						CreatedOnToolsVersion = 10.0;
						TestTargetID = 88F0B44121AFE34100D142BF;
					};
					88F0B46021AFE34300D142BF = {
						CreatedOnToolsVersion = 10.0;
						TestTargetID = 88F0B44121AFE34100D142BF;
					};
				};
			};
			buildConfigurationList = 88F0B43D21AFE34100D142BF /* Build configuration list for PBXProject "Currency" */;
			compatibilityVersion = "Xcode 9.3";
			developmentRegion = en;
			hasScannedForEncodings = 0;
			knownRegions = (
				en,
				Base,
			);
			mainGroup = 88F0B43921AFE34100D142BF;
			productRefGroup = 88F0B44321AFE34100D142BF /* Products */;
			projectDirPath = "";
			projectRoot = "";
			targets = (
				88F0B44121AFE34100D142BF /* Currency */,
				88F0B45521AFE34300D142BF /* CurrencyTests */,
				88F0B46021AFE34300D142BF /* CurrencyUITests */,
			);
		};
/* End PBXProject section */

/* Begin PBXResourcesBuildPhase section */
		88F0B44021AFE34100D142BF /* Resources */ = {
			isa = PBXResourcesBuildPhase;
			buildActionMask = 2147483647;
			files = (
				88F0B47721B0058100D142BF /* testdata.json in Resources */,
				88F0B45021AFE34300D142BF /* LaunchScreen.storyboard in Resources */,
				88F0B44D21AFE34300D142BF /* Assets.xcassets in Resources */,
				88F0B44B21AFE34100D142BF /* Main.storyboard in Resources */,
			);
			runOnlyForDeploymentPostprocessing = 0;
		};
		88F0B45421AFE34300D142BF /* Resources */ = {
			isa = PBXResourcesBuildPhase;
			buildActionMask = 2147483647;
			files = (
				88F0B47421B0045500D142BF /* testdata.json in Resources */,
			);
			runOnlyForDeploymentPostprocessing = 0;
		};
		88F0B45F21AFE34300D142BF /* Resources */ = {
			isa = PBXResourcesBuildPhase;
			buildActionMask = 2147483647;
			files = (
			);
			runOnlyForDeploymentPostprocessing = 0;
		};
/* End PBXResourcesBuildPhase section */

/* Begin PBXSourcesBuildPhase section */
		88F0B43E21AFE34100D142BF /* Sources */ = {
			isa = PBXSourcesBuildPhase;
			buildActionMask = 2147483647;
			files = (
				88F0B48821B088CD00D142BF /* CurrencyService.swift in Sources */,
				88F0B48221B00BBD00D142BF /* CurrencyViewController.swift in Sources */,
				88F0B49021B09F6B00D142BF /* Global.swift in Sources */,
				88F0B47B21B00A6A00D142BF /* CurrencyViewModel.swift in Sources */,
				88F0B48421B04EDD00D142BF /* Currency.swift in Sources */,
				88F0B44621AFE34100D142BF /* AppDelegate.swift in Sources */,
			);
			runOnlyForDeploymentPostprocessing = 0;
		};
		88F0B45221AFE34300D142BF /* Sources */ = {
			isa = PBXSourcesBuildPhase;
			buildActionMask = 2147483647;
			files = (
				88F0B48A21B08A3200D142BF /* CurrencyServiceTests.swift in Sources */,
				88F0B47621B004ED00D142BF /* TestData.swift in Sources */,
				88F0B48E21B08EC700D142BF /* MockSession.swift in Sources */,
				88F0B48C21B08A5500D142BF /* CurrencyViewModelTests.swift in Sources */,
			);
			runOnlyForDeploymentPostprocessing = 0;
		};
		88F0B45D21AFE34300D142BF /* Sources */ = {
			isa = PBXSourcesBuildPhase;
			buildActionMask = 2147483647;
			files = (
				88F0B46621AFE34300D142BF /* CurrencyUITests.swift in Sources */,
			);
			runOnlyForDeploymentPostprocessing = 0;
		};
/* End PBXSourcesBuildPhase section */

/* Begin PBXTargetDependency section */
		88F0B45821AFE34300D142BF /* PBXTargetDependency */ = {
			isa = PBXTargetDependency;
			target = 88F0B44121AFE34100D142BF /* Currency */;
			targetProxy = 88F0B45721AFE34300D142BF /* PBXContainerItemProxy */;
		};
		88F0B46321AFE34300D142BF /* PBXTargetDependency */ = {
			isa = PBXTargetDependency;
			target = 88F0B44121AFE34100D142BF /* Currency */;
			targetProxy = 88F0B46221AFE34300D142BF /* PBXContainerItemProxy */;
		};
/* End PBXTargetDependency section */

/* Begin PBXVariantGroup section */
		88F0B44921AFE34100D142BF /* Main.storyboard */ = {
			isa = PBXVariantGroup;
			children = (
				88F0B44A21AFE34100D142BF /* Base */,
			);
			name = Main.storyboard;
			sourceTree = "<group>";
		};
		88F0B44E21AFE34300D142BF /* LaunchScreen.storyboard */ = {
			isa = PBXVariantGroup;
			children = (
				88F0B44F21AFE34300D142BF /* Base */,
			);
			name = LaunchScreen.storyboard;
			sourceTree = "<group>";
		};
/* End PBXVariantGroup section */

/* Begin XCBuildConfiguration section */
		88F0B46821AFE34300D142BF /* Debug */ = {
			isa = XCBuildConfiguration;
			buildSettings = {
				ALWAYS_SEARCH_USER_PATHS = NO;
				CLANG_ANALYZER_NONNULL = YES;
				CLANG_ANALYZER_NUMBER_OBJECT_CONVERSION = YES_AGGRESSIVE;
				CLANG_CXX_LANGUAGE_STANDARD = "gnu++14";
				CLANG_CXX_LIBRARY = "libc++";
				CLANG_ENABLE_MODULES = YES;
				CLANG_ENABLE_OBJC_ARC = YES;
				CLANG_ENABLE_OBJC_WEAK = YES;
				CLANG_WARN_BLOCK_CAPTURE_AUTORELEASING = YES;
				CLANG_WARN_BOOL_CONVERSION = YES;
				CLANG_WARN_COMMA = YES;
				CLANG_WARN_CONSTANT_CONVERSION = YES;
				CLANG_WARN_DEPRECATED_OBJC_IMPLEMENTATIONS = YES;
				CLANG_WARN_DIRECT_OBJC_ISA_USAGE = YES_ERROR;
				CLANG_WARN_DOCUMENTATION_COMMENTS = YES;
				CLANG_WARN_EMPTY_BODY = YES;
				CLANG_WARN_ENUM_CONVERSION = YES;
				CLANG_WARN_INFINITE_RECURSION = YES;
				CLANG_WARN_INT_CONVERSION = YES;
				CLANG_WARN_NON_LITERAL_NULL_CONVERSION = YES;
				CLANG_WARN_OBJC_IMPLICIT_RETAIN_SELF = YES;
				CLANG_WARN_OBJC_LITERAL_CONVERSION = YES;
				CLANG_WARN_OBJC_ROOT_CLASS = YES_ERROR;
				CLANG_WARN_RANGE_LOOP_ANALYSIS = YES;
				CLANG_WARN_STRICT_PROTOTYPES = YES;
				CLANG_WARN_SUSPICIOUS_MOVE = YES;
				CLANG_WARN_UNGUARDED_AVAILABILITY = YES_AGGRESSIVE;
				CLANG_WARN_UNREACHABLE_CODE = YES;
				CLANG_WARN__DUPLICATE_METHOD_MATCH = YES;
				CODE_SIGN_IDENTITY = "iPhone Developer";
				COPY_PHASE_STRIP = NO;
				DEBUG_INFORMATION_FORMAT = dwarf;
				ENABLE_STRICT_OBJC_MSGSEND = YES;
				ENABLE_TESTABILITY = YES;
				GCC_C_LANGUAGE_STANDARD = gnu11;
				GCC_DYNAMIC_NO_PIC = NO;
				GCC_NO_COMMON_BLOCKS = YES;
				GCC_OPTIMIZATION_LEVEL = 0;
				GCC_PREPROCESSOR_DEFINITIONS = (
					"DEBUG=1",
					"$(inherited)",
				);
				GCC_WARN_64_TO_32_BIT_CONVERSION = YES;
				GCC_WARN_ABOUT_RETURN_TYPE = YES_ERROR;
				GCC_WARN_UNDECLARED_SELECTOR = YES;
				GCC_WARN_UNINITIALIZED_AUTOS = YES_AGGRESSIVE;
				GCC_WARN_UNUSED_FUNCTION = YES;
				GCC_WARN_UNUSED_VARIABLE = YES;
				IPHONEOS_DEPLOYMENT_TARGET = 12.0;
				MTL_ENABLE_DEBUG_INFO = INCLUDE_SOURCE;
				MTL_FAST_MATH = YES;
				ONLY_ACTIVE_ARCH = YES;
				SDKROOT = iphoneos;
				SWIFT_ACTIVE_COMPILATION_CONDITIONS = DEBUG;
				SWIFT_OPTIMIZATION_LEVEL = "-Onone";
			};
			name = Debug;
		};
		88F0B46921AFE34300D142BF /* Release */ = {
			isa = XCBuildConfiguration;
			buildSettings = {
				ALWAYS_SEARCH_USER_PATHS = NO;
				CLANG_ANALYZER_NONNULL = YES;
				CLANG_ANALYZER_NUMBER_OBJECT_CONVERSION = YES_AGGRESSIVE;
				CLANG_CXX_LANGUAGE_STANDARD = "gnu++14";
				CLANG_CXX_LIBRARY = "libc++";
				CLANG_ENABLE_MODULES = YES;
				CLANG_ENABLE_OBJC_ARC = YES;
				CLANG_ENABLE_OBJC_WEAK = YES;
				CLANG_WARN_BLOCK_CAPTURE_AUTORELEASING = YES;
				CLANG_WARN_BOOL_CONVERSION = YES;
				CLANG_WARN_COMMA = YES;
				CLANG_WARN_CONSTANT_CONVERSION = YES;
				CLANG_WARN_DEPRECATED_OBJC_IMPLEMENTATIONS = YES;
				CLANG_WARN_DIRECT_OBJC_ISA_USAGE = YES_ERROR;
				CLANG_WARN_DOCUMENTATION_COMMENTS = YES;
				CLANG_WARN_EMPTY_BODY = YES;
				CLANG_WARN_ENUM_CONVERSION = YES;
				CLANG_WARN_INFINITE_RECURSION = YES;
				CLANG_WARN_INT_CONVERSION = YES;
				CLANG_WARN_NON_LITERAL_NULL_CONVERSION = YES;
				CLANG_WARN_OBJC_IMPLICIT_RETAIN_SELF = YES;
				CLANG_WARN_OBJC_LITERAL_CONVERSION = YES;
				CLANG_WARN_OBJC_ROOT_CLASS = YES_ERROR;
				CLANG_WARN_RANGE_LOOP_ANALYSIS = YES;
				CLANG_WARN_STRICT_PROTOTYPES = YES;
				CLANG_WARN_SUSPICIOUS_MOVE = YES;
				CLANG_WARN_UNGUARDED_AVAILABILITY = YES_AGGRESSIVE;
				CLANG_WARN_UNREACHABLE_CODE = YES;
				CLANG_WARN__DUPLICATE_METHOD_MATCH = YES;
				CODE_SIGN_IDENTITY = "iPhone Developer";
				COPY_PHASE_STRIP = NO;
				DEBUG_INFORMATION_FORMAT = "dwarf-with-dsym";
				ENABLE_NS_ASSERTIONS = NO;
				ENABLE_STRICT_OBJC_MSGSEND = YES;
				GCC_C_LANGUAGE_STANDARD = gnu11;
				GCC_NO_COMMON_BLOCKS = YES;
				GCC_WARN_64_TO_32_BIT_CONVERSION = YES;
				GCC_WARN_ABOUT_RETURN_TYPE = YES_ERROR;
				GCC_WARN_UNDECLARED_SELECTOR = YES;
				GCC_WARN_UNINITIALIZED_AUTOS = YES_AGGRESSIVE;
				GCC_WARN_UNUSED_FUNCTION = YES;
				GCC_WARN_UNUSED_VARIABLE = YES;
				IPHONEOS_DEPLOYMENT_TARGET = 12.0;
				MTL_ENABLE_DEBUG_INFO = NO;
				MTL_FAST_MATH = YES;
				SDKROOT = iphoneos;
				SWIFT_COMPILATION_MODE = wholemodule;
				SWIFT_OPTIMIZATION_LEVEL = "-O";
				VALIDATE_PRODUCT = YES;
			};
			name = Release;
		};
		88F0B46B21AFE34300D142BF /* Debug */ = {
			isa = XCBuildConfiguration;
			buildSettings = {
				ASSETCATALOG_COMPILER_APPICON_NAME = AppIcon;
				CODE_SIGN_STYLE = Automatic;
				INFOPLIST_FILE = Currency/Info.plist;
				LD_RUNPATH_SEARCH_PATHS = (
					"$(inherited)",
					"@executable_path/Frameworks",
				);
				PRODUCT_BUNDLE_IDENTIFIER = com.samsonlopez.Currency;
				PRODUCT_NAME = "$(TARGET_NAME)";
				SWIFT_VERSION = 4.2;
				TARGETED_DEVICE_FAMILY = "1,2";
			};
			name = Debug;
		};
		88F0B46C21AFE34300D142BF /* Release */ = {
			isa = XCBuildConfiguration;
			buildSettings = {
				ASSETCATALOG_COMPILER_APPICON_NAME = AppIcon;
				CODE_SIGN_STYLE = Automatic;
				INFOPLIST_FILE = Currency/Info.plist;
				LD_RUNPATH_SEARCH_PATHS = (
					"$(inherited)",
					"@executable_path/Frameworks",
				);
				PRODUCT_BUNDLE_IDENTIFIER = com.samsonlopez.Currency;
				PRODUCT_NAME = "$(TARGET_NAME)";
				SWIFT_VERSION = 4.2;
				TARGETED_DEVICE_FAMILY = "1,2";
			};
			name = Release;
		};
		88F0B46E21AFE34300D142BF /* Debug */ = {
			isa = XCBuildConfiguration;
			buildSettings = {
				ALWAYS_EMBED_SWIFT_STANDARD_LIBRARIES = YES;
				BUNDLE_LOADER = "$(TEST_HOST)";
				CODE_SIGN_STYLE = Automatic;
				INFOPLIST_FILE = CurrencyTests/Info.plist;
				LD_RUNPATH_SEARCH_PATHS = (
					"$(inherited)",
					"@executable_path/Frameworks",
					"@loader_path/Frameworks",
				);
				PRODUCT_BUNDLE_IDENTIFIER = com.samsonlopez.CurrencyTests;
				PRODUCT_NAME = "$(TARGET_NAME)";
				SWIFT_VERSION = 4.2;
				TARGETED_DEVICE_FAMILY = "1,2";
				TEST_HOST = "$(BUILT_PRODUCTS_DIR)/Currency.app/Currency";
			};
			name = Debug;
		};
		88F0B46F21AFE34300D142BF /* Release */ = {
			isa = XCBuildConfiguration;
			buildSettings = {
				ALWAYS_EMBED_SWIFT_STANDARD_LIBRARIES = YES;
				BUNDLE_LOADER = "$(TEST_HOST)";
				CODE_SIGN_STYLE = Automatic;
				INFOPLIST_FILE = CurrencyTests/Info.plist;
				LD_RUNPATH_SEARCH_PATHS = (
					"$(inherited)",
					"@executable_path/Frameworks",
					"@loader_path/Frameworks",
				);
				PRODUCT_BUNDLE_IDENTIFIER = com.samsonlopez.CurrencyTests;
				PRODUCT_NAME = "$(TARGET_NAME)";
				SWIFT_VERSION = 4.2;
				TARGETED_DEVICE_FAMILY = "1,2";
				TEST_HOST = "$(BUILT_PRODUCTS_DIR)/Currency.app/Currency";
			};
			name = Release;
		};
		88F0B47121AFE34300D142BF /* Debug */ = {
			isa = XCBuildConfiguration;
			buildSettings = {
				ALWAYS_EMBED_SWIFT_STANDARD_LIBRARIES = YES;
				CODE_SIGN_STYLE = Automatic;
				INFOPLIST_FILE = CurrencyUITests/Info.plist;
				LD_RUNPATH_SEARCH_PATHS = (
					"$(inherited)",
					"@executable_path/Frameworks",
					"@loader_path/Frameworks",
				);
				PRODUCT_BUNDLE_IDENTIFIER = com.samsonlopez.CurrencyUITests;
				PRODUCT_NAME = "$(TARGET_NAME)";
				SWIFT_VERSION = 4.2;
				TARGETED_DEVICE_FAMILY = "1,2";
				TEST_TARGET_NAME = Currency;
			};
			name = Debug;
		};
		88F0B47221AFE34300D142BF /* Release */ = {
			isa = XCBuildConfiguration;
			buildSettings = {
				ALWAYS_EMBED_SWIFT_STANDARD_LIBRARIES = YES;
				CODE_SIGN_STYLE = Automatic;
				INFOPLIST_FILE = CurrencyUITests/Info.plist;
				LD_RUNPATH_SEARCH_PATHS = (
					"$(inherited)",
					"@executable_path/Frameworks",
					"@loader_path/Frameworks",
				);
				PRODUCT_BUNDLE_IDENTIFIER = com.samsonlopez.CurrencyUITests;
				PRODUCT_NAME = "$(TARGET_NAME)";
				SWIFT_VERSION = 4.2;
				TARGETED_DEVICE_FAMILY = "1,2";
				TEST_TARGET_NAME = Currency;
			};
			name = Release;
		};
/* End XCBuildConfiguration section */

/* Begin XCConfigurationList section */
		88F0B43D21AFE34100D142BF /* Build configuration list for PBXProject "Currency" */ = {
			isa = XCConfigurationList;
			buildConfigurations = (
				88F0B46821AFE34300D142BF /* Debug */,
				88F0B46921AFE34300D142BF /* Release */,
			);
			defaultConfigurationIsVisible = 0;
			defaultConfigurationName = Release;
		};
		88F0B46A21AFE34300D142BF /* Build configuration list for PBXNativeTarget "Currency" */ = {
			isa = XCConfigurationList;
			buildConfigurations = (
				88F0B46B21AFE34300D142BF /* Debug */,
				88F0B46C21AFE34300D142BF /* Release */,
			);
			defaultConfigurationIsVisible = 0;
			defaultConfigurationName = Release;
		};
		88F0B46D21AFE34300D142BF /* Build configuration list for PBXNativeTarget "CurrencyTests" */ = {
			isa = XCConfigurationList;
			buildConfigurations = (
				88F0B46E21AFE34300D142BF /* Debug */,
				88F0B46F21AFE34300D142BF /* Release */,
			);
			defaultConfigurationIsVisible = 0;
			defaultConfigurationName = Release;
		};
		88F0B47021AFE34300D142BF /* Build configuration list for PBXNativeTarget "CurrencyUITests" */ = {
			isa = XCConfigurationList;
			buildConfigurations = (
				88F0B47121AFE34300D142BF /* Debug */,
				88F0B47221AFE34300D142BF /* Release */,
			);
			defaultConfigurationIsVisible = 0;
			defaultConfigurationName = Release;
		};
/* End XCConfigurationList section */
	};
	rootObject = 88F0B43A21AFE34100D142BF /* Project object */;
}
